
Microsoft Visual Studio Solution File, Format Version 12.00
# Visual Studio Version 17
VisualStudioVersion = 17.8.34330.188
MinimumVisualStudioVersion = 10.0.40219.1
Project("{FAE04EC0-301F-11D3-BF4B-00C04F79EFBC}") = "partA", "partA.csproj", "{DDDD0E56-1971-485C-A306-937E0DBAA334}"
EndProject
Global
	GlobalSection(SolutionConfigurationPlatforms) = preSolution
		Debug|Any CPU = Debug|Any CPU
		Release|Any CPU = Release|Any CPU
	EndGlobalSection
	GlobalSection(ProjectConfigurationPlatforms) = postSolution
		{DDDD0E56-1971-485C-A306-937E0DBAA334}.Debug|Any CPU.ActiveCfg = Debug|Any CPU
		{DDDD0E56-1971-485C-A306-937E0DBAA334}.Debug|Any CPU.Build.0 = Debug|Any CPU
		{DDDD0E56-1971-485C-A306-937E0DBAA334}.Release|Any CPU.ActiveCfg = Release|Any CPU
		{DDDD0E56-1971-485C-A306-937E0DBAA334}.Release|Any CPU.Build.0 = Release|Any CPU
	EndGlobalSection
	GlobalSection(SolutionProperties) = preSolution
		HideSolutionNode = FALSE
	EndGlobalSection
	GlobalSection(ExtensibilityGlobals) = postSolution
		SolutionGuid = {B7199733-4952-4B04-AFAF-8715E580A694}
	EndGlobalSection
EndGlobal
